github.com/bobg/errors v1.1.0 h1:gsVanPzJMpZQpwY+27/GQYElZez5CuMYwiIpk2A3RGw=
github.com/bobg/errors v1.1.0/go.mod h1:Q4775qBZpnte7EGFJqmvnlB1U4pkI1XmU3qxqdp7Zcc=
github.com/bobg/goproxyclient v0.1.0 h1:x5KIpRSNG+JsJSzMBSHLjLNT3jI0Tu+n3XpnUmK1RmY=
github.com/bobg/goproxyclient v0.1.0/go.mod h1:ctQAMWbOOjtFI9tyMn1+fycXGYjXxR7TdGnV7J0JYfk=
github.com/bobg/goproxyclient v0.3.0 h1:vhvjjUfNOQVec+POA1Nxtvq1yvKtCQAU94WOam6yBJ8=
github.com/bobg/goproxyclient v0.3.0/go.mod h1:LaFC5yc+IQgOGqNe4uuGS8M0W9HlvguJN/2ajPAtvEM=
github.com/bobg/mid v1.8.0 h1:CiDhqvlYrvkNSETywHqXuTgc8kjvGChGPwxis7DkOAY=
github.com/bobg/mid v1.8.0/go.mod h1:0XdctoS8z3lTMHzEyuHDo8vDrbvdbnBQqwPpTacYqc8=
github.com/google/go-cmp v0.5.1 h1:JFrFEBb2xKufg6XkJsJr+WbKb4FQlURi5RUcBveYu9k=
github.com/google/go-cmp v0.5.1/go.mod h1:v8dTdLbMG2kIc/vJvl+f65V22dbkXbowE6jgT/gNBxE=
github.com/pkg/errors v0.9.1 h1:FEBLx1zS214owpjy7qsBeixbURkuhQAwrK5UwLGTwt4=
github.com/pkg/errors v0.9.1/go.mod h1:bwawxfHBFNV+L2hUp1rHADufV3IMtnDRdf1r5NINEl0=
golang.org/x/mod v0.24.0 h1:ZfthKaKaT4NrhGVZHO1/WDTwGES4De8KtWO0SIbNJMU=
golang.org/x/mod v0.24.0/go.mod h1:IXM97Txy2VM4PJ3gI61r1YEk/gAj6zAHN3AdZt6S9Ww=
golang.org/x/time v0.11.0 h1:/bpjEDfN9tkoN/ryeYHnv5hcMlc8ncjMcM4XBk5NWV0=
golang.org/x/time v0.11.0/go.mod h1:CDIdPxbZBQxdj6cxyCIdrNogrJKMJ7pr37NYpMcMDSg=
golang.org/x/xerrors v0.0.0-20191204190536-9bdfabe68543/go.mod h1:I/5z698sn9Ka8TeJc9MKroUUfqBBauWjQqLJ2OPfmY0=
