github.com/bobg/errors v1.1.0 h1:gsVanPzJMpZQpwY+27/GQYElZez5CuMYwiIpk2A3RGw=
github.com/bobg/errors v1.1.0/go.mod h1:Q4775qBZpnte7EGFJqmvnlB1U4pkI1XmU3qxqdp7Zcc=
github.com/bobg/go-generics/v4 v4.1.2 h1:iF62T5EypncG3kTYFTWzBgfZlwCgm84tUboY9TKZT+4=
github.com/bobg/go-generics/v4 v4.1.2/go.mod h1:KVwpxEYErjvcqjJSJqVNZd/JEq3SsQzb9t01+82pZGw=
github.com/bobg/goproxyclient v0.5.0 h1:CC3/+JG8mM8vHBp6dp2j74jKyAl7+ABcyEYYRBadRgc=
github.com/bobg/goproxyclient v0.5.0/go.mod h1:geEkggBEZM8EE54RP+1v+g0/TjIDWoks+lrHNbtlrTo=
github.com/bobg/mid v1.9.2 h1:ezCSe0pBmR8qtWjepccA1EujAJe2kz7aYne3giY1MNA=
github.com/bobg/mid v1.9.2/go.mod h1:hMoUz0up+yjeiO9qvI3P7Ppzk/5/5uBX29GHFkBxvos=
github.com/google/go-cmp v0.5.6 h1:BKbKCqvP6I+rmFHt06ZmyQtvB8xAkWdhFyr0ZUNZcxQ=
github.com/google/go-cmp v0.5.6/go.mod h1:v8dTdLbMG2kIc/vJvl+f65V22dbkXbowE6jgT/gNBxE=
golang.org/x/mod v0.24.0 h1:ZfthKaKaT4NrhGVZHO1/WDTwGES4De8KtWO0SIbNJMU=
golang.org/x/mod v0.24.0/go.mod h1:IXM97Txy2VM4PJ3gI61r1YEk/gAj6zAHN3AdZt6S9Ww=
golang.org/x/time v0.11.0 h1:/bpjEDfN9tkoN/ryeYHnv5hcMlc8ncjMcM4XBk5NWV0=
golang.org/x/time v0.11.0/go.mod h1:CDIdPxbZBQxdj6cxyCIdrNogrJKMJ7pr37NYpMcMDSg=
